
Microsoft Visual Studio Solution File, Format Version 12.00
# Visual Studio Version 16
VisualStudioVersion = 16.0.32802.440
MinimumVisualStudioVersion = 10.0.40219.1
Project("{FAE04EC0-301F-11D3-BF4B-00C04F79EFBC}") = "UnitTestProject1", "UnitTestProject1\UnitTestProject1.csproj", "{D539A0F7-4A06-4382-A493-83E3B3B1228E}"
EndProject
Project("{FAE04EC0-301F-11D3-BF4B-00C04F79EFBC}") = "TestLab2", "..\TestLab2\TestLab2\TestLab2.csproj", "{87AA56BF-0561-424F-AD18-7D08B6A8ED7F}"
EndProject
Global
	GlobalSection(SolutionConfigurationPlatforms) = preSolution
		Debug|Any CPU = Debug|Any CPU
		Release|Any CPU = Release|Any CPU
	EndGlobalSection
	GlobalSection(ProjectConfigurationPlatforms) = postSolution
		{D539A0F7-4A06-4382-A493-83E3B3B1228E}.Debug|Any CPU.ActiveCfg = Debug|Any CPU
		{D539A0F7-4A06-4382-A493-83E3B3B1228E}.Debug|Any CPU.Build.0 = Debug|Any CPU
		{D539A0F7-4A06-4382-A493-83E3B3B1228E}.Release|Any CPU.ActiveCfg = Release|Any CPU
		{D539A0F7-4A06-4382-A493-83E3B3B1228E}.Release|Any CPU.Build.0 = Release|Any CPU
		{87AA56BF-0561-424F-AD18-7D08B6A8ED7F}.Debug|Any CPU.ActiveCfg = Debug|Any CPU
		{87AA56BF-0561-424F-AD18-7D08B6A8ED7F}.Debug|Any CPU.Build.0 = Debug|Any CPU
		{87AA56BF-0561-424F-AD18-7D08B6A8ED7F}.Release|Any CPU.ActiveCfg = Release|Any CPU
		{87AA56BF-0561-424F-AD18-7D08B6A8ED7F}.Release|Any CPU.Build.0 = Release|Any CPU
	EndGlobalSection
	GlobalSection(SolutionProperties) = preSolution
		HideSolutionNode = FALSE
	EndGlobalSection
	GlobalSection(ExtensibilityGlobals) = postSolution
		SolutionGuid = {A1D09A89-24FC-41C1-A148-868716B37769}
	EndGlobalSection
EndGlobal
