
Microsoft Visual Studio Solution File, Format Version 12.00
# Visual Studio Version 17
VisualStudioVersion = 17.2.32616.157
MinimumVisualStudioVersion = 10.0.40219.1
Project("{FAE04EC0-301F-11D3-BF4B-00C04F79EFBC}") = "Lab_2", "Lab_2\Lab_2.csproj", "{3C25926D-EB37-43B6-9745-97EC7D9D5AA9}"
EndProject
Global
	GlobalSection(SolutionConfigurationPlatforms) = preSolution
		Debug|Any CPU = Debug|Any CPU
		Release|Any CPU = Release|Any CPU
	EndGlobalSection
	GlobalSection(ProjectConfigurationPlatforms) = postSolution
		{3C25926D-EB37-43B6-9745-97EC7D9D5AA9}.Debug|Any CPU.ActiveCfg = Debug|Any CPU
		{3C25926D-EB37-43B6-9745-97EC7D9D5AA9}.Debug|Any CPU.Build.0 = Debug|Any CPU
		{3C25926D-EB37-43B6-9745-97EC7D9D5AA9}.Release|Any CPU.ActiveCfg = Release|Any CPU
		{3C25926D-EB37-43B6-9745-97EC7D9D5AA9}.Release|Any CPU.Build.0 = Release|Any CPU
	EndGlobalSection
	GlobalSection(SolutionProperties) = preSolution
		HideSolutionNode = FALSE
	EndGlobalSection
	GlobalSection(ExtensibilityGlobals) = postSolution
		SolutionGuid = {80898469-30C5-4ECD-B1CF-4BDAE84CC48E}
	EndGlobalSection
EndGlobal
