
Microsoft Visual Studio Solution File, Format Version 12.00
# Visual Studio Version 16
VisualStudioVersion = 16.0.31229.75
MinimumVisualStudioVersion = 10.0.40219.1
Project("{9A19103F-16F7-4668-BE54-9A1E7A4F7556}") = "lab2_3_csharp", "lab2_3_csharp\lab2_3_csharp.csproj", "{557BC439-7481-4D72-8772-8E5A7EA30ED5}"
EndProject
Project("{FAE04EC0-301F-11D3-BF4B-00C04F79EFBC}") = "AngleTests", "AngleTests\AngleTests.csproj", "{1191E454-71FD-416E-8308-1317B14BA097}"
EndProject
Global
	GlobalSection(SolutionConfigurationPlatforms) = preSolution
		Debug|Any CPU = Debug|Any CPU
		Release|Any CPU = Release|Any CPU
	EndGlobalSection
	GlobalSection(ProjectConfigurationPlatforms) = postSolution
		{557BC439-7481-4D72-8772-8E5A7EA30ED5}.Debug|Any CPU.ActiveCfg = Debug|Any CPU
		{557BC439-7481-4D72-8772-8E5A7EA30ED5}.Debug|Any CPU.Build.0 = Debug|Any CPU
		{557BC439-7481-4D72-8772-8E5A7EA30ED5}.Release|Any CPU.ActiveCfg = Release|Any CPU
		{557BC439-7481-4D72-8772-8E5A7EA30ED5}.Release|Any CPU.Build.0 = Release|Any CPU
		{1191E454-71FD-416E-8308-1317B14BA097}.Debug|Any CPU.ActiveCfg = Debug|Any CPU
		{1191E454-71FD-416E-8308-1317B14BA097}.Debug|Any CPU.Build.0 = Debug|Any CPU
		{1191E454-71FD-416E-8308-1317B14BA097}.Release|Any CPU.ActiveCfg = Release|Any CPU
		{1191E454-71FD-416E-8308-1317B14BA097}.Release|Any CPU.Build.0 = Release|Any CPU
	EndGlobalSection
	GlobalSection(SolutionProperties) = preSolution
		HideSolutionNode = FALSE
	EndGlobalSection
	GlobalSection(ExtensibilityGlobals) = postSolution
		SolutionGuid = {80F14296-9E26-4227-9D03-39B4D3212FF2}
	EndGlobalSection
EndGlobal
