
Microsoft Visual Studio Solution File, Format Version 12.00
# Visual Studio Version 16
VisualStudioVersion = 16.0.31829.152
MinimumVisualStudioVersion = 10.0.40219.1
Project("{FAE04EC0-301F-11D3-BF4B-00C04F79EFBC}") = "testLab3", "testLab3.csproj", "{AC05CF11-7527-406F-A13F-2F3B2760092C}"
EndProject
Global
	GlobalSection(SolutionConfigurationPlatforms) = preSolution
		Debug|Any CPU = Debug|Any CPU
		Release|Any CPU = Release|Any CPU
	EndGlobalSection
	GlobalSection(ProjectConfigurationPlatforms) = postSolution
		{AC05CF11-7527-406F-A13F-2F3B2760092C}.Debug|Any CPU.ActiveCfg = Debug|Any CPU
		{AC05CF11-7527-406F-A13F-2F3B2760092C}.Debug|Any CPU.Build.0 = Debug|Any CPU
		{AC05CF11-7527-406F-A13F-2F3B2760092C}.Release|Any CPU.ActiveCfg = Release|Any CPU
		{AC05CF11-7527-406F-A13F-2F3B2760092C}.Release|Any CPU.Build.0 = Release|Any CPU
	EndGlobalSection
	GlobalSection(SolutionProperties) = preSolution
		HideSolutionNode = FALSE
	EndGlobalSection
	GlobalSection(ExtensibilityGlobals) = postSolution
		SolutionGuid = {A80F20F7-0436-4F10-8576-2856C6189BE8}
	EndGlobalSection
EndGlobal
