
Microsoft Visual Studio Solution File, Format Version 12.00
# Visual Studio Version 17
VisualStudioVersion = 17.1.32421.90
MinimumVisualStudioVersion = 10.0.40219.1
Project("{FAE04EC0-301F-11D3-BF4B-00C04F79EFBC}") = "Lab_4", "Lab_4\Lab_4.csproj", "{BDFB736F-5337-4AAB-9DEB-516EB39CDA12}"
EndProject
Project("{FAE04EC0-301F-11D3-BF4B-00C04F79EFBC}") = "TestLab4", "TestLab4\TestLab4.csproj", "{654AFC62-929A-4359-B209-F20FCEF55275}"
EndProject
Global
	GlobalSection(SolutionConfigurationPlatforms) = preSolution
		Debug|Any CPU = Debug|Any CPU
		Release|Any CPU = Release|Any CPU
	EndGlobalSection
	GlobalSection(ProjectConfigurationPlatforms) = postSolution
		{BDFB736F-5337-4AAB-9DEB-516EB39CDA12}.Debug|Any CPU.ActiveCfg = Debug|Any CPU
		{BDFB736F-5337-4AAB-9DEB-516EB39CDA12}.Debug|Any CPU.Build.0 = Debug|Any CPU
		{BDFB736F-5337-4AAB-9DEB-516EB39CDA12}.Release|Any CPU.ActiveCfg = Release|Any CPU
		{BDFB736F-5337-4AAB-9DEB-516EB39CDA12}.Release|Any CPU.Build.0 = Release|Any CPU
		{654AFC62-929A-4359-B209-F20FCEF55275}.Debug|Any CPU.ActiveCfg = Debug|Any CPU
		{654AFC62-929A-4359-B209-F20FCEF55275}.Debug|Any CPU.Build.0 = Debug|Any CPU
		{654AFC62-929A-4359-B209-F20FCEF55275}.Release|Any CPU.ActiveCfg = Release|Any CPU
		{654AFC62-929A-4359-B209-F20FCEF55275}.Release|Any CPU.Build.0 = Release|Any CPU
	EndGlobalSection
	GlobalSection(SolutionProperties) = preSolution
		HideSolutionNode = FALSE
	EndGlobalSection
	GlobalSection(ExtensibilityGlobals) = postSolution
		SolutionGuid = {45A54864-25D0-4EC4-86A8-F41A392BA07F}
	EndGlobalSection
EndGlobal
