
Microsoft Visual Studio Solution File, Format Version 12.00
# Visual Studio Version 16
VisualStudioVersion = 16.0.31005.135
MinimumVisualStudioVersion = 10.0.40219.1
Project("{FAE04EC0-301F-11D3-BF4B-00C04F79EFBC}") = "UnitTest", "UnitTest\UnitTest.csproj", "{BBFCAFB5-0F03-42B9-B9BE-511995C8741B}"
EndProject
Global
	GlobalSection(SolutionConfigurationPlatforms) = preSolution
		Debug|Any CPU = Debug|Any CPU
		Release|Any CPU = Release|Any CPU
	EndGlobalSection
	GlobalSection(ProjectConfigurationPlatforms) = postSolution
		{BBFCAFB5-0F03-42B9-B9BE-511995C8741B}.Debug|Any CPU.ActiveCfg = Debug|Any CPU
		{BBFCAFB5-0F03-42B9-B9BE-511995C8741B}.Debug|Any CPU.Build.0 = Debug|Any CPU
		{BBFCAFB5-0F03-42B9-B9BE-511995C8741B}.Release|Any CPU.ActiveCfg = Release|Any CPU
		{BBFCAFB5-0F03-42B9-B9BE-511995C8741B}.Release|Any CPU.Build.0 = Release|Any CPU
	EndGlobalSection
	GlobalSection(SolutionProperties) = preSolution
		HideSolutionNode = FALSE
	EndGlobalSection
	GlobalSection(ExtensibilityGlobals) = postSolution
		SolutionGuid = {F35AA435-C544-4E71-850C-9808F935B8BF}
	EndGlobalSection
EndGlobal
