
Microsoft Visual Studio Solution File, Format Version 12.00
# Visual Studio Version 16
VisualStudioVersion = 16.0.32228.343
MinimumVisualStudioVersion = 10.0.40219.1
Project("{FAE04EC0-301F-11D3-BF4B-00C04F79EFBC}") = "Lab4", "Lab4\Lab4.csproj", "{6E00A0F1-5D18-4594-B83B-C829FFE9EE91}"
EndProject
Project("{FAE04EC0-301F-11D3-BF4B-00C04F79EFBC}") = "TestProject1", "TestProject1\TestProject1.csproj", "{F5DF4FC3-47EA-4FFC-A8EE-5BBF84929A43}"
EndProject
Global
	GlobalSection(SolutionConfigurationPlatforms) = preSolution
		Debug|Any CPU = Debug|Any CPU
		Release|Any CPU = Release|Any CPU
	EndGlobalSection
	GlobalSection(ProjectConfigurationPlatforms) = postSolution
		{6E00A0F1-5D18-4594-B83B-C829FFE9EE91}.Debug|Any CPU.ActiveCfg = Debug|Any CPU
		{6E00A0F1-5D18-4594-B83B-C829FFE9EE91}.Debug|Any CPU.Build.0 = Debug|Any CPU
		{6E00A0F1-5D18-4594-B83B-C829FFE9EE91}.Release|Any CPU.ActiveCfg = Release|Any CPU
		{6E00A0F1-5D18-4594-B83B-C829FFE9EE91}.Release|Any CPU.Build.0 = Release|Any CPU
		{F5DF4FC3-47EA-4FFC-A8EE-5BBF84929A43}.Debug|Any CPU.ActiveCfg = Debug|Any CPU
		{F5DF4FC3-47EA-4FFC-A8EE-5BBF84929A43}.Debug|Any CPU.Build.0 = Debug|Any CPU
		{F5DF4FC3-47EA-4FFC-A8EE-5BBF84929A43}.Release|Any CPU.ActiveCfg = Release|Any CPU
		{F5DF4FC3-47EA-4FFC-A8EE-5BBF84929A43}.Release|Any CPU.Build.0 = Release|Any CPU
	EndGlobalSection
	GlobalSection(SolutionProperties) = preSolution
		HideSolutionNode = FALSE
	EndGlobalSection
	GlobalSection(ExtensibilityGlobals) = postSolution
		SolutionGuid = {FED61E97-B975-4C9B-97B2-F782B32193BA}
	EndGlobalSection
EndGlobal
