
Microsoft Visual Studio Solution File, Format Version 12.00
# Visual Studio Version 17
VisualStudioVersion = 17.0.32126.317
MinimumVisualStudioVersion = 10.0.40219.1
Project("{9A19103F-16F7-4668-BE54-9A1E7A4F7556}") = "Lab_2_QA", "Lab_2_QA\Lab_2_QA.csproj", "{4FE5A53F-BEEC-45C6-9C9F-B410862FD960}"
EndProject
Project("{FAE04EC0-301F-11D3-BF4B-00C04F79EFBC}") = "UnitTests", "UnitTests\UnitTests.csproj", "{77424205-5A6F-40B5-A45B-4E8D0BD568B7}"
EndProject
Global
	GlobalSection(SolutionConfigurationPlatforms) = preSolution
		Debug|Any CPU = Debug|Any CPU
		Release|Any CPU = Release|Any CPU
	EndGlobalSection
	GlobalSection(ProjectConfigurationPlatforms) = postSolution
		{4FE5A53F-BEEC-45C6-9C9F-B410862FD960}.Debug|Any CPU.ActiveCfg = Debug|Any CPU
		{4FE5A53F-BEEC-45C6-9C9F-B410862FD960}.Debug|Any CPU.Build.0 = Debug|Any CPU
		{4FE5A53F-BEEC-45C6-9C9F-B410862FD960}.Release|Any CPU.ActiveCfg = Release|Any CPU
		{4FE5A53F-BEEC-45C6-9C9F-B410862FD960}.Release|Any CPU.Build.0 = Release|Any CPU
		{77424205-5A6F-40B5-A45B-4E8D0BD568B7}.Debug|Any CPU.ActiveCfg = Debug|Any CPU
		{77424205-5A6F-40B5-A45B-4E8D0BD568B7}.Debug|Any CPU.Build.0 = Debug|Any CPU
		{77424205-5A6F-40B5-A45B-4E8D0BD568B7}.Release|Any CPU.ActiveCfg = Release|Any CPU
		{77424205-5A6F-40B5-A45B-4E8D0BD568B7}.Release|Any CPU.Build.0 = Release|Any CPU
	EndGlobalSection
	GlobalSection(SolutionProperties) = preSolution
		HideSolutionNode = FALSE
	EndGlobalSection
	GlobalSection(ExtensibilityGlobals) = postSolution
		SolutionGuid = {FD92481D-1B6A-4D49-889A-C69D7584E609}
	EndGlobalSection
EndGlobal
