
Microsoft Visual Studio Solution File, Format Version 12.00
# Visual Studio Version 17
VisualStudioVersion = 17.2.32616.157
MinimumVisualStudioVersion = 10.0.40219.1
Project("{FAE04EC0-301F-11D3-BF4B-00C04F79EFBC}") = "Budilnik", "budilnik\Budilnik.csproj", "{BC620E24-6713-44B2-9A34-BEA6D5690721}"
EndProject
Project("{FAE04EC0-301F-11D3-BF4B-00C04F79EFBC}") = "Budilnik.UnitTests", "Budilnik.UnitTests\Budilnik.UnitTests.csproj", "{95C85A9B-5C87-492C-A6DB-4EE8D2CD9069}"
EndProject
Global
	GlobalSection(SolutionConfigurationPlatforms) = preSolution
		Debug|Any CPU = Debug|Any CPU
		Release|Any CPU = Release|Any CPU
	EndGlobalSection
	GlobalSection(ProjectConfigurationPlatforms) = postSolution
		{BC620E24-6713-44B2-9A34-BEA6D5690721}.Debug|Any CPU.ActiveCfg = Debug|Any CPU
		{BC620E24-6713-44B2-9A34-BEA6D5690721}.Debug|Any CPU.Build.0 = Debug|Any CPU
		{BC620E24-6713-44B2-9A34-BEA6D5690721}.Release|Any CPU.ActiveCfg = Release|Any CPU
		{BC620E24-6713-44B2-9A34-BEA6D5690721}.Release|Any CPU.Build.0 = Release|Any CPU
		{95C85A9B-5C87-492C-A6DB-4EE8D2CD9069}.Debug|Any CPU.ActiveCfg = Debug|Any CPU
		{95C85A9B-5C87-492C-A6DB-4EE8D2CD9069}.Debug|Any CPU.Build.0 = Debug|Any CPU
		{95C85A9B-5C87-492C-A6DB-4EE8D2CD9069}.Release|Any CPU.ActiveCfg = Release|Any CPU
		{95C85A9B-5C87-492C-A6DB-4EE8D2CD9069}.Release|Any CPU.Build.0 = Release|Any CPU
	EndGlobalSection
	GlobalSection(SolutionProperties) = preSolution
		HideSolutionNode = FALSE
	EndGlobalSection
	GlobalSection(ExtensibilityGlobals) = postSolution
		SolutionGuid = {6EB4FDAF-CE3E-4850-9042-2D036DC51316}
	EndGlobalSection
EndGlobal
