
Microsoft Visual Studio Solution File, Format Version 12.00
# Visual Studio Version 16
VisualStudioVersion = 16.0.32228.343
MinimumVisualStudioVersion = 10.0.40219.1
Project("{FAE04EC0-301F-11D3-BF4B-00C04F79EFBC}") = "Lab4", "Lab4\Lab4.csproj", "{A7E21256-9752-44EA-8959-0C2D1F7AEB81}"
EndProject
Project("{FAE04EC0-301F-11D3-BF4B-00C04F79EFBC}") = "TestProject1", "TestProject1\TestProject1.csproj", "{9B8FE455-784A-485B-A414-963D13ECF403}"
EndProject
Global
	GlobalSection(SolutionConfigurationPlatforms) = preSolution
		Debug|Any CPU = Debug|Any CPU
		Release|Any CPU = Release|Any CPU
	EndGlobalSection
	GlobalSection(ProjectConfigurationPlatforms) = postSolution
		{A7E21256-9752-44EA-8959-0C2D1F7AEB81}.Debug|Any CPU.ActiveCfg = Debug|Any CPU
		{A7E21256-9752-44EA-8959-0C2D1F7AEB81}.Debug|Any CPU.Build.0 = Debug|Any CPU
		{A7E21256-9752-44EA-8959-0C2D1F7AEB81}.Release|Any CPU.ActiveCfg = Release|Any CPU
		{A7E21256-9752-44EA-8959-0C2D1F7AEB81}.Release|Any CPU.Build.0 = Release|Any CPU
		{9B8FE455-784A-485B-A414-963D13ECF403}.Debug|Any CPU.ActiveCfg = Debug|Any CPU
		{9B8FE455-784A-485B-A414-963D13ECF403}.Debug|Any CPU.Build.0 = Debug|Any CPU
		{9B8FE455-784A-485B-A414-963D13ECF403}.Release|Any CPU.ActiveCfg = Release|Any CPU
		{9B8FE455-784A-485B-A414-963D13ECF403}.Release|Any CPU.Build.0 = Release|Any CPU
	EndGlobalSection
	GlobalSection(SolutionProperties) = preSolution
		HideSolutionNode = FALSE
	EndGlobalSection
	GlobalSection(ExtensibilityGlobals) = postSolution
		SolutionGuid = {244CD169-C0F8-435B-B8D0-92264E3FB45B}
	EndGlobalSection
EndGlobal
