
Microsoft Visual Studio Solution File, Format Version 12.00
# Visual Studio Version 17
VisualStudioVersion = 17.0.32126.317
MinimumVisualStudioVersion = 10.0.40219.1
Project("{FAE04EC0-301F-11D3-BF4B-00C04F79EFBC}") = "lab4_tests", "lab4_tests\lab4_tests.csproj", "{9D442800-ADBD-4E0D-9159-DDC96DFA8371}"
EndProject
Project("{FAE04EC0-301F-11D3-BF4B-00C04F79EFBC}") = "lab4_form", "..\lab4_form\lab4_form.csproj", "{FA2D5A2E-7FDD-4814-B8F1-EB9B099D6C26}"
EndProject
Global
	GlobalSection(SolutionConfigurationPlatforms) = preSolution
		Debug|Any CPU = Debug|Any CPU
		Release|Any CPU = Release|Any CPU
	EndGlobalSection
	GlobalSection(ProjectConfigurationPlatforms) = postSolution
		{9D442800-ADBD-4E0D-9159-DDC96DFA8371}.Debug|Any CPU.ActiveCfg = Debug|Any CPU
		{9D442800-ADBD-4E0D-9159-DDC96DFA8371}.Debug|Any CPU.Build.0 = Debug|Any CPU
		{9D442800-ADBD-4E0D-9159-DDC96DFA8371}.Release|Any CPU.ActiveCfg = Release|Any CPU
		{9D442800-ADBD-4E0D-9159-DDC96DFA8371}.Release|Any CPU.Build.0 = Release|Any CPU
		{FA2D5A2E-7FDD-4814-B8F1-EB9B099D6C26}.Debug|Any CPU.ActiveCfg = Debug|Any CPU
		{FA2D5A2E-7FDD-4814-B8F1-EB9B099D6C26}.Debug|Any CPU.Build.0 = Debug|Any CPU
		{FA2D5A2E-7FDD-4814-B8F1-EB9B099D6C26}.Release|Any CPU.ActiveCfg = Release|Any CPU
		{FA2D5A2E-7FDD-4814-B8F1-EB9B099D6C26}.Release|Any CPU.Build.0 = Release|Any CPU
	EndGlobalSection
	GlobalSection(SolutionProperties) = preSolution
		HideSolutionNode = FALSE
	EndGlobalSection
	GlobalSection(ExtensibilityGlobals) = postSolution
		SolutionGuid = {F2643AB9-0B8B-4433-A87C-4BA2325277AC}
	EndGlobalSection
EndGlobal
