
Microsoft Visual Studio Solution File, Format Version 12.00
# Visual Studio Version 16
VisualStudioVersion = 16.0.30128.74
MinimumVisualStudioVersion = 10.0.40219.1
Project("{FAE04EC0-301F-11D3-BF4B-00C04F79EFBC}") = "eremin", "eremin\eremin.csproj", "{EBAB1AB3-2CE5-4730-8461-23DEC2E9965F}"
EndProject
Global
	GlobalSection(SolutionConfigurationPlatforms) = preSolution
		Debug|Any CPU = Debug|Any CPU
		Release|Any CPU = Release|Any CPU
	EndGlobalSection
	GlobalSection(ProjectConfigurationPlatforms) = postSolution
		{EBAB1AB3-2CE5-4730-8461-23DEC2E9965F}.Debug|Any CPU.ActiveCfg = Debug|Any CPU
		{EBAB1AB3-2CE5-4730-8461-23DEC2E9965F}.Debug|Any CPU.Build.0 = Debug|Any CPU
		{EBAB1AB3-2CE5-4730-8461-23DEC2E9965F}.Release|Any CPU.ActiveCfg = Release|Any CPU
		{EBAB1AB3-2CE5-4730-8461-23DEC2E9965F}.Release|Any CPU.Build.0 = Release|Any CPU
	EndGlobalSection
	GlobalSection(SolutionProperties) = preSolution
		HideSolutionNode = FALSE
	EndGlobalSection
	GlobalSection(ExtensibilityGlobals) = postSolution
		SolutionGuid = {90276C4C-573E-4A05-84B8-B5FD88FA659B}
	EndGlobalSection
EndGlobal
