
Microsoft Visual Studio Solution File, Format Version 12.00
# Visual Studio Version 16
VisualStudioVersion = 16.0.32413.511
MinimumVisualStudioVersion = 10.0.40219.1
Project("{FAE04EC0-301F-11D3-BF4B-00C04F79EFBC}") = "lab4", "lab4\lab4.csproj", "{64BFEE45-ADD5-4DB7-8CFF-F4C1733AC631}"
EndProject
Project("{FAE04EC0-301F-11D3-BF4B-00C04F79EFBC}") = "UnitTestProject1", "UnitTestProject1\UnitTestProject1.csproj", "{5431EFF0-1441-4E25-A719-0A0B7CECE0E1}"
	ProjectSection(ProjectDependencies) = postProject
		{64BFEE45-ADD5-4DB7-8CFF-F4C1733AC631} = {64BFEE45-ADD5-4DB7-8CFF-F4C1733AC631}
	EndProjectSection
EndProject
Global
	GlobalSection(SolutionConfigurationPlatforms) = preSolution
		Debug|Any CPU = Debug|Any CPU
		Release|Any CPU = Release|Any CPU
	EndGlobalSection
	GlobalSection(ProjectConfigurationPlatforms) = postSolution
		{64BFEE45-ADD5-4DB7-8CFF-F4C1733AC631}.Debug|Any CPU.ActiveCfg = Debug|Any CPU
		{64BFEE45-ADD5-4DB7-8CFF-F4C1733AC631}.Debug|Any CPU.Build.0 = Debug|Any CPU
		{64BFEE45-ADD5-4DB7-8CFF-F4C1733AC631}.Release|Any CPU.ActiveCfg = Release|Any CPU
		{64BFEE45-ADD5-4DB7-8CFF-F4C1733AC631}.Release|Any CPU.Build.0 = Release|Any CPU
		{5431EFF0-1441-4E25-A719-0A0B7CECE0E1}.Debug|Any CPU.ActiveCfg = Debug|Any CPU
		{5431EFF0-1441-4E25-A719-0A0B7CECE0E1}.Debug|Any CPU.Build.0 = Debug|Any CPU
		{5431EFF0-1441-4E25-A719-0A0B7CECE0E1}.Release|Any CPU.ActiveCfg = Release|Any CPU
		{5431EFF0-1441-4E25-A719-0A0B7CECE0E1}.Release|Any CPU.Build.0 = Release|Any CPU
	EndGlobalSection
	GlobalSection(SolutionProperties) = preSolution
		HideSolutionNode = FALSE
	EndGlobalSection
	GlobalSection(ExtensibilityGlobals) = postSolution
		SolutionGuid = {2C39123D-EB7B-403E-BFB2-117BD198593F}
	EndGlobalSection
EndGlobal
